
Microsoft Visual Studio Solution File, Format Version 12.00
# Visual Studio Version 17
VisualStudioVersion = 17.3.32708.82
MinimumVisualStudioVersion = 10.0.40219.1
Project("{FAE04EC0-301F-11D3-BF4B-00C04F79EFBC}") = "Pr1.v18", "Pr1.v18\Pr1.v18.csproj", "{A7C75D27-833C-4828-8A8F-97A1EE646514}"
EndProject
Global
	GlobalSection(SolutionConfigurationPlatforms) = preSolution
		Debug|Any CPU = Debug|Any CPU
		Release|Any CPU = Release|Any CPU
	EndGlobalSection
	GlobalSection(ProjectConfigurationPlatforms) = postSolution
		{A7C75D27-833C-4828-8A8F-97A1EE646514}.Debug|Any CPU.ActiveCfg = Debug|Any CPU
		{A7C75D27-833C-4828-8A8F-97A1EE646514}.Debug|Any CPU.Build.0 = Debug|Any CPU
		{A7C75D27-833C-4828-8A8F-97A1EE646514}.Release|Any CPU.ActiveCfg = Release|Any CPU
		{A7C75D27-833C-4828-8A8F-97A1EE646514}.Release|Any CPU.Build.0 = Release|Any CPU
	EndGlobalSection
	GlobalSection(SolutionProperties) = preSolution
		HideSolutionNode = FALSE
	EndGlobalSection
	GlobalSection(ExtensibilityGlobals) = postSolution
		SolutionGuid = {1A540226-4D06-4420-8986-B1359F288700}
	EndGlobalSection
EndGlobal
